// !$*UTF8*$!
{
	archiveVersion = 1;
	classes = {
	};
	objectVersion = 48;
	objects = {

/* Begin PBXBuildFile section */
		1A89FECEDB93CC7DC48C9190 /* Pods_LearnCodeAppTests.framework in Frameworks */ = {isa = PBXBuildFile; fileRef = 8FE16A2C2836D77F7038B681 /* Pods_LearnCodeAppTests.framework */; };
		2218C4CEE9E071FF706AF1FB /* Pods_LearnCodeAppUITests.framework in Frameworks */ = {isa = PBXBuildFile; fileRef = 54E9592895E6292EE3A2AC1B /* Pods_LearnCodeAppUITests.framework */; };
		2B0FAFBD201B9EF200FAAFF5 /* AppDelegate.swift in Sources */ = {isa = PBXBuildFile; fileRef = 2B0FAFBC201B9EF200FAAFF5 /* AppDelegate.swift */; };
		2B0FAFC2201B9EF200FAAFF5 /* Main.storyboard in Resources */ = {isa = PBXBuildFile; fileRef = 2B0FAFC0201B9EF200FAAFF5 /* Main.storyboard */; };
		2B0FAFC5201B9EF200FAAFF5 /* LearnCodeApp.xcdatamodeld in Sources */ = {isa = PBXBuildFile; fileRef = 2B0FAFC3201B9EF200FAAFF5 /* LearnCodeApp.xcdatamodeld */; };
		2B0FAFC7201B9EF200FAAFF5 /* Assets.xcassets in Resources */ = {isa = PBXBuildFile; fileRef = 2B0FAFC6201B9EF200FAAFF5 /* Assets.xcassets */; };
		2B0FAFCA201B9EF200FAAFF5 /* LaunchScreen.storyboard in Resources */ = {isa = PBXBuildFile; fileRef = 2B0FAFC8201B9EF200FAAFF5 /* LaunchScreen.storyboard */; };
		2B0FAFD5201B9EF200FAAFF5 /* LearnCodeAppTests.swift in Sources */ = {isa = PBXBuildFile; fileRef = 2B0FAFD4201B9EF200FAAFF5 /* LearnCodeAppTests.swift */; };
		2B0FAFE0201B9EF200FAAFF5 /* LearnCodeAppUITests.swift in Sources */ = {isa = PBXBuildFile; fileRef = 2B0FAFDF201B9EF200FAAFF5 /* LearnCodeAppUITests.swift */; };
		2B0FAFF1201BCEFC00FAAFF5 /* HomeViewController.swift in Sources */ = {isa = PBXBuildFile; fileRef = 2B0FAFF0201BCEFC00FAAFF5 /* HomeViewController.swift */; };
		2B22DE91201E804100169E1F /* LessonsTableViewController.swift in Sources */ = {isa = PBXBuildFile; fileRef = 2B22DE90201E804100169E1F /* LessonsTableViewController.swift */; };
		2B22DE93201E849A00169E1F /* LessonTableViewCell.swift in Sources */ = {isa = PBXBuildFile; fileRef = 2B22DE92201E849A00169E1F /* LessonTableViewCell.swift */; };
		2B22DE95201E899500169E1F /* LessonView.swift in Sources */ = {isa = PBXBuildFile; fileRef = 2B22DE94201E899500169E1F /* LessonView.swift */; };
		2B22DE97201E8EF600169E1F /* Lesson.swift in Sources */ = {isa = PBXBuildFile; fileRef = 2B22DE96201E8EF600169E1F /* Lesson.swift */; };
		2B22DE99201E910E00169E1F /* LessonStore.swift in Sources */ = {isa = PBXBuildFile; fileRef = 2B22DE98201E910E00169E1F /* LessonStore.swift */; };
		2B35B7B2202014E800112107 /* DetailedLessonViewController.swift in Sources */ = {isa = PBXBuildFile; fileRef = 2B35B7B1202014E800112107 /* DetailedLessonViewController.swift */; };
		2B3C4F57205327E5004EEB22 /* FillBlankViewController.swift in Sources */ = {isa = PBXBuildFile; fileRef = 2B3C4F56205327E5004EEB22 /* FillBlankViewController.swift */; };
		2B64ECB02024C6FD00146AE9 /* ShinySpace.gif in Resources */ = {isa = PBXBuildFile; fileRef = 2B64ECAF2024C6FD00146AE9 /* ShinySpace.gif */; };
		2B674D2320435258001740ED /* RevealViewController.swift in Sources */ = {isa = PBXBuildFile; fileRef = 2B674D2220435258001740ED /* RevealViewController.swift */; };
		2B9C386D202D6E3E00478AEE /* LessonMapViewController.swift in Sources */ = {isa = PBXBuildFile; fileRef = 2B9C386C202D6E3E00478AEE /* LessonMapViewController.swift */; };
		2BCACABB2022E62300FC04CE /* QuizViewController.swift in Sources */ = {isa = PBXBuildFile; fileRef = 2BCACABA2022E62300FC04CE /* QuizViewController.swift */; };
		2BCACABD2023750500FC04CE /* GifFile.swift in Sources */ = {isa = PBXBuildFile; fileRef = 2BCACABC2023750500FC04CE /* GifFile.swift */; };
		2BCACABF2023760F00FC04CE /* SpaceShip.gif in Resources */ = {isa = PBXBuildFile; fileRef = 2BCACABE2023760E00FC04CE /* SpaceShip.gif */; };
		2BCACAC12023780500FC04CE /* Space.gif in Resources */ = {isa = PBXBuildFile; fileRef = 2BCACAC02023780500FC04CE /* Space.gif */; };
		2BCACAC620237A1600FC04CE /* Shapes.gif in Resources */ = {isa = PBXBuildFile; fileRef = 2BCACAC520237A1500FC04CE /* Shapes.gif */; };
		2BEB53F12028238B00A214A6 /* BlueSky.gif in Resources */ = {isa = PBXBuildFile; fileRef = 2BEB53F02028238B00A214A6 /* BlueSky.gif */; };
		A2FDCD7EB1CEAD6042D8C3F5 /* Pods_LearnCodeApp.framework in Frameworks */ = {isa = PBXBuildFile; fileRef = 91AA81960C4A7F7467249EF8 /* Pods_LearnCodeApp.framework */; };
/* End PBXBuildFile section */

/* Begin PBXContainerItemProxy section */
		2B0FAFD1201B9EF200FAAFF5 /* PBXContainerItemProxy */ = {
			isa = PBXContainerItemProxy;
			containerPortal = 2B0FAFB1201B9EF200FAAFF5 /* Project object */;
			proxyType = 1;
			remoteGlobalIDString = 2B0FAFB8201B9EF200FAAFF5;
			remoteInfo = LearnCodeApp;
		};
		2B0FAFDC201B9EF200FAAFF5 /* PBXContainerItemProxy */ = {
			isa = PBXContainerItemProxy;
			containerPortal = 2B0FAFB1201B9EF200FAAFF5 /* Project object */;
			proxyType = 1;
			remoteGlobalIDString = 2B0FAFB8201B9EF200FAAFF5;
			remoteInfo = LearnCodeApp;
		};
/* End PBXContainerItemProxy section */

/* Begin PBXFileReference section */
		2B0FAFB9201B9EF200FAAFF5 /* LearnCodeApp.app */ = {isa = PBXFileReference; explicitFileType = wrapper.application; includeInIndex = 0; path = LearnCodeApp.app; sourceTree = BUILT_PRODUCTS_DIR; };
		2B0FAFBC201B9EF200FAAFF5 /* AppDelegate.swift */ = {isa = PBXFileReference; lastKnownFileType = sourcecode.swift; path = AppDelegate.swift; sourceTree = "<group>"; };
		2B0FAFC1201B9EF200FAAFF5 /* Base */ = {isa = PBXFileReference; lastKnownFileType = file.storyboard; name = Base; path = Base.lproj/Main.storyboard; sourceTree = "<group>"; };
		2B0FAFC4201B9EF200FAAFF5 /* LearnCodeApp.xcdatamodel */ = {isa = PBXFileReference; lastKnownFileType = wrapper.xcdatamodel; path = LearnCodeApp.xcdatamodel; sourceTree = "<group>"; };
		2B0FAFC6201B9EF200FAAFF5 /* Assets.xcassets */ = {isa = PBXFileReference; lastKnownFileType = folder.assetcatalog; path = Assets.xcassets; sourceTree = "<group>"; };
		2B0FAFC9201B9EF200FAAFF5 /* Base */ = {isa = PBXFileReference; lastKnownFileType = file.storyboard; name = Base; path = Base.lproj/LaunchScreen.storyboard; sourceTree = "<group>"; };
		2B0FAFCB201B9EF200FAAFF5 /* Info.plist */ = {isa = PBXFileReference; lastKnownFileType = text.plist.xml; path = Info.plist; sourceTree = "<group>"; };
		2B0FAFD0201B9EF200FAAFF5 /* LearnCodeAppTests.xctest */ = {isa = PBXFileReference; explicitFileType = wrapper.cfbundle; includeInIndex = 0; path = LearnCodeAppTests.xctest; sourceTree = BUILT_PRODUCTS_DIR; };
		2B0FAFD4201B9EF200FAAFF5 /* LearnCodeAppTests.swift */ = {isa = PBXFileReference; lastKnownFileType = sourcecode.swift; path = LearnCodeAppTests.swift; sourceTree = "<group>"; };
		2B0FAFD6201B9EF200FAAFF5 /* Info.plist */ = {isa = PBXFileReference; lastKnownFileType = text.plist.xml; path = Info.plist; sourceTree = "<group>"; };
		2B0FAFDB201B9EF200FAAFF5 /* LearnCodeAppUITests.xctest */ = {isa = PBXFileReference; explicitFileType = wrapper.cfbundle; includeInIndex = 0; path = LearnCodeAppUITests.xctest; sourceTree = BUILT_PRODUCTS_DIR; };
		2B0FAFDF201B9EF200FAAFF5 /* LearnCodeAppUITests.swift */ = {isa = PBXFileReference; lastKnownFileType = sourcecode.swift; path = LearnCodeAppUITests.swift; sourceTree = "<group>"; };
		2B0FAFE1201B9EF200FAAFF5 /* Info.plist */ = {isa = PBXFileReference; lastKnownFileType = text.plist.xml; path = Info.plist; sourceTree = "<group>"; };
		2B0FAFF0201BCEFC00FAAFF5 /* HomeViewController.swift */ = {isa = PBXFileReference; lastKnownFileType = sourcecode.swift; path = HomeViewController.swift; sourceTree = "<group>"; };
		2B22DE90201E804100169E1F /* LessonsTableViewController.swift */ = {isa = PBXFileReference; lastKnownFileType = sourcecode.swift; path = LessonsTableViewController.swift; sourceTree = "<group>"; };
		2B22DE92201E849A00169E1F /* LessonTableViewCell.swift */ = {isa = PBXFileReference; lastKnownFileType = sourcecode.swift; path = LessonTableViewCell.swift; sourceTree = "<group>"; };
		2B22DE94201E899500169E1F /* LessonView.swift */ = {isa = PBXFileReference; lastKnownFileType = sourcecode.swift; path = LessonView.swift; sourceTree = "<group>"; };
		2B22DE96201E8EF600169E1F /* Lesson.swift */ = {isa = PBXFileReference; lastKnownFileType = sourcecode.swift; path = Lesson.swift; sourceTree = "<group>"; };
		2B22DE98201E910E00169E1F /* LessonStore.swift */ = {isa = PBXFileReference; lastKnownFileType = sourcecode.swift; path = LessonStore.swift; sourceTree = "<group>"; };
		2B35B7B1202014E800112107 /* DetailedLessonViewController.swift */ = {isa = PBXFileReference; lastKnownFileType = sourcecode.swift; path = DetailedLessonViewController.swift; sourceTree = "<group>"; };
		2B3C4F56205327E5004EEB22 /* FillBlankViewController.swift */ = {isa = PBXFileReference; lastKnownFileType = sourcecode.swift; path = FillBlankViewController.swift; sourceTree = "<group>"; };
		2B64ECAF2024C6FD00146AE9 /* ShinySpace.gif */ = {isa = PBXFileReference; lastKnownFileType = image.gif; path = ShinySpace.gif; sourceTree = "<group>"; };
		2B674D2220435258001740ED /* RevealViewController.swift */ = {isa = PBXFileReference; lastKnownFileType = sourcecode.swift; path = RevealViewController.swift; sourceTree = "<group>"; };
		2B9C386C202D6E3E00478AEE /* LessonMapViewController.swift */ = {isa = PBXFileReference; lastKnownFileType = sourcecode.swift; path = LessonMapViewController.swift; sourceTree = "<group>"; };
		2BCACABA2022E62300FC04CE /* QuizViewController.swift */ = {isa = PBXFileReference; lastKnownFileType = sourcecode.swift; path = QuizViewController.swift; sourceTree = "<group>"; };
		2BCACABC2023750500FC04CE /* GifFile.swift */ = {isa = PBXFileReference; lastKnownFileType = sourcecode.swift; path = GifFile.swift; sourceTree = "<group>"; };
		2BCACABE2023760E00FC04CE /* SpaceShip.gif */ = {isa = PBXFileReference; lastKnownFileType = image.gif; path = SpaceShip.gif; sourceTree = "<group>"; };
		2BCACAC02023780500FC04CE /* Space.gif */ = {isa = PBXFileReference; lastKnownFileType = image.gif; path = Space.gif; sourceTree = "<group>"; };
		2BCACAC520237A1500FC04CE /* Shapes.gif */ = {isa = PBXFileReference; lastKnownFileType = image.gif; path = Shapes.gif; sourceTree = "<group>"; };
		2BEB53F02028238B00A214A6 /* BlueSky.gif */ = {isa = PBXFileReference; lastKnownFileType = image.gif; path = BlueSky.gif; sourceTree = "<group>"; };
		443EC1248CC621467A9E5C42 /* Pods-LearnCodeAppTests.release.xcconfig */ = {isa = PBXFileReference; includeInIndex = 1; lastKnownFileType = text.xcconfig; name = "Pods-LearnCodeAppTests.release.xcconfig"; path = "Pods/Target Support Files/Pods-LearnCodeAppTests/Pods-LearnCodeAppTests.release.xcconfig"; sourceTree = "<group>"; };
		54E9592895E6292EE3A2AC1B /* Pods_LearnCodeAppUITests.framework */ = {isa = PBXFileReference; explicitFileType = wrapper.framework; includeInIndex = 0; path = Pods_LearnCodeAppUITests.framework; sourceTree = BUILT_PRODUCTS_DIR; };
		8FE16A2C2836D77F7038B681 /* Pods_LearnCodeAppTests.framework */ = {isa = PBXFileReference; explicitFileType = wrapper.framework; includeInIndex = 0; path = Pods_LearnCodeAppTests.framework; sourceTree = BUILT_PRODUCTS_DIR; };
		91AA81960C4A7F7467249EF8 /* Pods_LearnCodeApp.framework */ = {isa = PBXFileReference; explicitFileType = wrapper.framework; includeInIndex = 0; path = Pods_LearnCodeApp.framework; sourceTree = BUILT_PRODUCTS_DIR; };
		A3CFEE4B76676706B31C0A7D /* Pods-LearnCodeApp.debug.xcconfig */ = {isa = PBXFileReference; includeInIndex = 1; lastKnownFileType = text.xcconfig; name = "Pods-LearnCodeApp.debug.xcconfig"; path = "Pods/Target Support Files/Pods-LearnCodeApp/Pods-LearnCodeApp.debug.xcconfig"; sourceTree = "<group>"; };
		BEFCDD583DF00BDF3113BC11 /* Pods-LearnCodeAppUITests.release.xcconfig */ = {isa = PBXFileReference; includeInIndex = 1; lastKnownFileType = text.xcconfig; name = "Pods-LearnCodeAppUITests.release.xcconfig"; path = "Pods/Target Support Files/Pods-LearnCodeAppUITests/Pods-LearnCodeAppUITests.release.xcconfig"; sourceTree = "<group>"; };
		E30382E06008B435BAE69740 /* Pods-LearnCodeApp.release.xcconfig */ = {isa = PBXFileReference; includeInIndex = 1; lastKnownFileType = text.xcconfig; name = "Pods-LearnCodeApp.release.xcconfig"; path = "Pods/Target Support Files/Pods-LearnCodeApp/Pods-LearnCodeApp.release.xcconfig"; sourceTree = "<group>"; };
		F85CC75493B7D7C31CD97A8C /* Pods-LearnCodeAppTests.debug.xcconfig */ = {isa = PBXFileReference; includeInIndex = 1; lastKnownFileType = text.xcconfig; name = "Pods-LearnCodeAppTests.debug.xcconfig"; path = "Pods/Target Support Files/Pods-LearnCodeAppTests/Pods-LearnCodeAppTests.debug.xcconfig"; sourceTree = "<group>"; };
		FC76638D44A199B17165C575 /* Pods-LearnCodeAppUITests.debug.xcconfig */ = {isa = PBXFileReference; includeInIndex = 1; lastKnownFileType = text.xcconfig; name = "Pods-LearnCodeAppUITests.debug.xcconfig"; path = "Pods/Target Support Files/Pods-LearnCodeAppUITests/Pods-LearnCodeAppUITests.debug.xcconfig"; sourceTree = "<group>"; };
/* End PBXFileReference section */

/* Begin PBXFrameworksBuildPhase section */
		2B0FAFB6201B9EF200FAAFF5 /* Frameworks */ = {
			isa = PBXFrameworksBuildPhase;
			buildActionMask = 2147483647;
			files = (
				A2FDCD7EB1CEAD6042D8C3F5 /* Pods_LearnCodeApp.framework in Frameworks */,
			);
			runOnlyForDeploymentPostprocessing = 0;
		};
		2B0FAFCD201B9EF200FAAFF5 /* Frameworks */ = {
			isa = PBXFrameworksBuildPhase;
			buildActionMask = 2147483647;
			files = (
				1A89FECEDB93CC7DC48C9190 /* Pods_LearnCodeAppTests.framework in Frameworks */,
			);
			runOnlyForDeploymentPostprocessing = 0;
		};
		2B0FAFD8201B9EF200FAAFF5 /* Frameworks */ = {
			isa = PBXFrameworksBuildPhase;
			buildActionMask = 2147483647;
			files = (
				2218C4CEE9E071FF706AF1FB /* Pods_LearnCodeAppUITests.framework in Frameworks */,
			);
			runOnlyForDeploymentPostprocessing = 0;
		};
/* End PBXFrameworksBuildPhase section */

/* Begin PBXGroup section */
		0D43E2A4F4C44E97E44796F3 /* Frameworks */ = {
			isa = PBXGroup;
			children = (
				91AA81960C4A7F7467249EF8 /* Pods_LearnCodeApp.framework */,
				8FE16A2C2836D77F7038B681 /* Pods_LearnCodeAppTests.framework */,
				54E9592895E6292EE3A2AC1B /* Pods_LearnCodeAppUITests.framework */,
			);
			name = Frameworks;
			sourceTree = "<group>";
		};
		2B0FAFB0201B9EF200FAAFF5 = {
			isa = PBXGroup;
			children = (
				2B0FAFBB201B9EF200FAAFF5 /* LearnCodeApp */,
				2B0FAFD3201B9EF200FAAFF5 /* LearnCodeAppTests */,
				2B0FAFDE201B9EF200FAAFF5 /* LearnCodeAppUITests */,
				2B0FAFBA201B9EF200FAAFF5 /* Products */,
				B7B99037DAC6326260D6DA6E /* Pods */,
				0D43E2A4F4C44E97E44796F3 /* Frameworks */,
			);
			sourceTree = "<group>";
		};
		2B0FAFBA201B9EF200FAAFF5 /* Products */ = {
			isa = PBXGroup;
			children = (
				2B0FAFB9201B9EF200FAAFF5 /* LearnCodeApp.app */,
				2B0FAFD0201B9EF200FAAFF5 /* LearnCodeAppTests.xctest */,
				2B0FAFDB201B9EF200FAAFF5 /* LearnCodeAppUITests.xctest */,
			);
			name = Products;
			sourceTree = "<group>";
		};
		2B0FAFBB201B9EF200FAAFF5 /* LearnCodeApp */ = {
			isa = PBXGroup;
			children = (
				2B0FAFC6201B9EF200FAAFF5 /* Assets.xcassets */,
				2B0FAFBC201B9EF200FAAFF5 /* AppDelegate.swift */,
				2B0FAFC0201B9EF200FAAFF5 /* Main.storyboard */,
				2B9C3863202C064400478AEE /* LessonMap */,
				2BCACAC22023781700FC04CE /* Gifs */,
				2B0FAFEF201BCE9100FAAFF5 /* Home */,
				2B22DE8D201E7FB900169E1F /* Lessons */,
				2B0FAFC8201B9EF200FAAFF5 /* LaunchScreen.storyboard */,
				2B0FAFCB201B9EF200FAAFF5 /* Info.plist */,
				2B0FAFC3201B9EF200FAAFF5 /* LearnCodeApp.xcdatamodeld */,
			);
			path = LearnCodeApp;
			sourceTree = "<group>";
		};
		2B0FAFD3201B9EF200FAAFF5 /* LearnCodeAppTests */ = {
			isa = PBXGroup;
			children = (
				2B0FAFD4201B9EF200FAAFF5 /* LearnCodeAppTests.swift */,
				2B0FAFD6201B9EF200FAAFF5 /* Info.plist */,
			);
			path = LearnCodeAppTests;
			sourceTree = "<group>";
		};
		2B0FAFDE201B9EF200FAAFF5 /* LearnCodeAppUITests */ = {
			isa = PBXGroup;
			children = (
				2B0FAFDF201B9EF200FAAFF5 /* LearnCodeAppUITests.swift */,
				2B0FAFE1201B9EF200FAAFF5 /* Info.plist */,
			);
			path = LearnCodeAppUITests;
			sourceTree = "<group>";
		};
		2B0FAFEF201BCE9100FAAFF5 /* Home */ = {
			isa = PBXGroup;
			children = (
				2B0FAFF0201BCEFC00FAAFF5 /* HomeViewController.swift */,
			);
			name = Home;
			path = "New Group";
			sourceTree = "<group>";
		};
		2B22DE8D201E7FB900169E1F /* Lessons */ = {
			isa = PBXGroup;
			children = (
				2B22DE90201E804100169E1F /* LessonsTableViewController.swift */,
				2B22DE92201E849A00169E1F /* LessonTableViewCell.swift */,
				2B22DE94201E899500169E1F /* LessonView.swift */,
				2B35B7B1202014E800112107 /* DetailedLessonViewController.swift */,
				2B22DE98201E910E00169E1F /* LessonStore.swift */,
				2B22DE96201E8EF600169E1F /* Lesson.swift */,
				2B64ECB22027BD4500146AE9 /* Quizzes */,
				2B64ECB12027BD1800146AE9 /* Tutorials */,
			);
			path = Lessons;
			sourceTree = "<group>";
		};
		2B5CE02C203602A200668C0F /* LessonLayout */ = {
			isa = PBXGroup;
			children = (
				2B674D2220435258001740ED /* RevealViewController.swift */,
				2B3C4F56205327E5004EEB22 /* FillBlankViewController.swift */,
			);
			path = LessonLayout;
			sourceTree = "<group>";
		};
		2B64ECB12027BD1800146AE9 /* Tutorials */ = {
			isa = PBXGroup;
			children = (
			);
			path = Tutorials;
			sourceTree = "<group>";
		};
		2B64ECB22027BD4500146AE9 /* Quizzes */ = {
			isa = PBXGroup;
			children = (
				2BCACABA2022E62300FC04CE /* QuizViewController.swift */,
			);
			path = Quizzes;
			sourceTree = "<group>";
		};
		2B9C3863202C064400478AEE /* LessonMap */ = {
			isa = PBXGroup;
			children = (
				2B9C386C202D6E3E00478AEE /* LessonMapViewController.swift */,
				2B5CE02C203602A200668C0F /* LessonLayout */,
			);
			path = LessonMap;
			sourceTree = "<group>";
		};
		2BCACAC22023781700FC04CE /* Gifs */ = {
			isa = PBXGroup;
			children = (
				2BCACABC2023750500FC04CE /* GifFile.swift */,
				2B64ECAF2024C6FD00146AE9 /* ShinySpace.gif */,
				2BEB53F02028238B00A214A6 /* BlueSky.gif */,
				2BCACAC520237A1500FC04CE /* Shapes.gif */,
				2BCACABE2023760E00FC04CE /* SpaceShip.gif */,
				2BCACAC02023780500FC04CE /* Space.gif */,
			);
			path = Gifs;
			sourceTree = "<group>";
		};
		B7B99037DAC6326260D6DA6E /* Pods */ = {
			isa = PBXGroup;
			children = (
				A3CFEE4B76676706B31C0A7D /* Pods-LearnCodeApp.debug.xcconfig */,
				E30382E06008B435BAE69740 /* Pods-LearnCodeApp.release.xcconfig */,
				F85CC75493B7D7C31CD97A8C /* Pods-LearnCodeAppTests.debug.xcconfig */,
				443EC1248CC621467A9E5C42 /* Pods-LearnCodeAppTests.release.xcconfig */,
				FC76638D44A199B17165C575 /* Pods-LearnCodeAppUITests.debug.xcconfig */,
				BEFCDD583DF00BDF3113BC11 /* Pods-LearnCodeAppUITests.release.xcconfig */,
			);
			name = Pods;
			sourceTree = "<group>";
		};
/* End PBXGroup section */

/* Begin PBXNativeTarget section */
		2B0FAFB8201B9EF200FAAFF5 /* LearnCodeApp */ = {
			isa = PBXNativeTarget;
			buildConfigurationList = 2B0FAFE4201B9EF300FAAFF5 /* Build configuration list for PBXNativeTarget "LearnCodeApp" */;
			buildPhases = (
				A883BB240EACE237FD12FECC /* [CP] Check Pods Manifest.lock */,
				2B0FAFB5201B9EF200FAAFF5 /* Sources */,
				2B0FAFB6201B9EF200FAAFF5 /* Frameworks */,
				2B0FAFB7201B9EF200FAAFF5 /* Resources */,
				C3BE2F410B66F32338492BB3 /* [CP] Embed Pods Frameworks */,
				1ECC4AB0DFDD1A540DF13468 /* [CP] Copy Pods Resources */,
			);
			buildRules = (
			);
			dependencies = (
			);
			name = LearnCodeApp;
			productName = LearnCodeApp;
			productReference = 2B0FAFB9201B9EF200FAAFF5 /* LearnCodeApp.app */;
			productType = "com.apple.product-type.application";
		};
		2B0FAFCF201B9EF200FAAFF5 /* LearnCodeAppTests */ = {
			isa = PBXNativeTarget;
			buildConfigurationList = 2B0FAFE7201B9EF300FAAFF5 /* Build configuration list for PBXNativeTarget "LearnCodeAppTests" */;
			buildPhases = (
				D9D6D13C296A44ADF299FF5B /* [CP] Check Pods Manifest.lock */,
				2B0FAFCC201B9EF200FAAFF5 /* Sources */,
				2B0FAFCD201B9EF200FAAFF5 /* Frameworks */,
				2B0FAFCE201B9EF200FAAFF5 /* Resources */,
				D0A34EAB8C1C3249B50D1F7F /* [CP] Embed Pods Frameworks */,
				1ED1E5A4619F98EB368C65CF /* [CP] Copy Pods Resources */,
			);
			buildRules = (
			);
			dependencies = (
				2B0FAFD2201B9EF200FAAFF5 /* PBXTargetDependency */,
			);
			name = LearnCodeAppTests;
			productName = LearnCodeAppTests;
			productReference = 2B0FAFD0201B9EF200FAAFF5 /* LearnCodeAppTests.xctest */;
			productType = "com.apple.product-type.bundle.unit-test";
		};
		2B0FAFDA201B9EF200FAAFF5 /* LearnCodeAppUITests */ = {
			isa = PBXNativeTarget;
			buildConfigurationList = 2B0FAFEA201B9EF300FAAFF5 /* Build configuration list for PBXNativeTarget "LearnCodeAppUITests" */;
			buildPhases = (
				C22305FFFBC513BB5036F5C0 /* [CP] Check Pods Manifest.lock */,
				2B0FAFD7201B9EF200FAAFF5 /* Sources */,
				2B0FAFD8201B9EF200FAAFF5 /* Frameworks */,
				2B0FAFD9201B9EF200FAAFF5 /* Resources */,
				8891D16161AC414009E54E81 /* [CP] Embed Pods Frameworks */,
				51553CD082FB6F16790919E1 /* [CP] Copy Pods Resources */,
			);
			buildRules = (
			);
			dependencies = (
				2B0FAFDD201B9EF200FAAFF5 /* PBXTargetDependency */,
			);
			name = LearnCodeAppUITests;
			productName = LearnCodeAppUITests;
			productReference = 2B0FAFDB201B9EF200FAAFF5 /* LearnCodeAppUITests.xctest */;
			productType = "com.apple.product-type.bundle.ui-testing";
		};
/* End PBXNativeTarget section */

/* Begin PBXProject section */
		2B0FAFB1201B9EF200FAAFF5 /* Project object */ = {
			isa = PBXProject;
			attributes = {
				LastSwiftUpdateCheck = 0920;
				LastUpgradeCheck = 0920;
				ORGANIZATIONNAME = "Robby Bowler";
				TargetAttributes = {
					2B0FAFB8201B9EF200FAAFF5 = {
						CreatedOnToolsVersion = 9.2;
						ProvisioningStyle = Automatic;
					};
					2B0FAFCF201B9EF200FAAFF5 = {
						CreatedOnToolsVersion = 9.2;
						ProvisioningStyle = Automatic;
						TestTargetID = 2B0FAFB8201B9EF200FAAFF5;
					};
					2B0FAFDA201B9EF200FAAFF5 = {
						CreatedOnToolsVersion = 9.2;
						ProvisioningStyle = Automatic;
						TestTargetID = 2B0FAFB8201B9EF200FAAFF5;
					};
				};
			};
			buildConfigurationList = 2B0FAFB4201B9EF200FAAFF5 /* Build configuration list for PBXProject "LearnCodeApp" */;
			compatibilityVersion = "Xcode 8.0";
			developmentRegion = en;
			hasScannedForEncodings = 0;
			knownRegions = (
				en,
				Base,
			);
			mainGroup = 2B0FAFB0201B9EF200FAAFF5;
			productRefGroup = 2B0FAFBA201B9EF200FAAFF5 /* Products */;
			projectDirPath = "";
			projectRoot = "";
			targets = (
				2B0FAFB8201B9EF200FAAFF5 /* LearnCodeApp */,
				2B0FAFCF201B9EF200FAAFF5 /* LearnCodeAppTests */,
				2B0FAFDA201B9EF200FAAFF5 /* LearnCodeAppUITests */,
			);
		};
/* End PBXProject section */

/* Begin PBXResourcesBuildPhase section */
		2B0FAFB7201B9EF200FAAFF5 /* Resources */ = {
			isa = PBXResourcesBuildPhase;
			buildActionMask = 2147483647;
			files = (
				2B0FAFCA201B9EF200FAAFF5 /* LaunchScreen.storyboard in Resources */,
				2B0FAFC7201B9EF200FAAFF5 /* Assets.xcassets in Resources */,
				2BCACAC12023780500FC04CE /* Space.gif in Resources */,
				2BCACABF2023760F00FC04CE /* SpaceShip.gif in Resources */,
				2BCACAC620237A1600FC04CE /* Shapes.gif in Resources */,
				2B64ECB02024C6FD00146AE9 /* ShinySpace.gif in Resources */,
				2BEB53F12028238B00A214A6 /* BlueSky.gif in Resources */,
				2B0FAFC2201B9EF200FAAFF5 /* Main.storyboard in Resources */,
			);
			runOnlyForDeploymentPostprocessing = 0;
		};
		2B0FAFCE201B9EF200FAAFF5 /* Resources */ = {
			isa = PBXResourcesBuildPhase;
			buildActionMask = 2147483647;
			files = (
			);
			runOnlyForDeploymentPostprocessing = 0;
		};
		2B0FAFD9201B9EF200FAAFF5 /* Resources */ = {
			isa = PBXResourcesBuildPhase;
			buildActionMask = 2147483647;
			files = (
			);
			runOnlyForDeploymentPostprocessing = 0;
		};
/* End PBXResourcesBuildPhase section */

/* Begin PBXShellScriptBuildPhase section */
		1ECC4AB0DFDD1A540DF13468 /* [CP] Copy Pods Resources */ = {
			isa = PBXShellScriptBuildPhase;
			buildActionMask = 2147483647;
			files = (
			);
			inputPaths = (
			);
			name = "[CP] Copy Pods Resources";
			outputPaths = (
			);
			runOnlyForDeploymentPostprocessing = 0;
			shellPath = /bin/sh;
			shellScript = "\"${SRCROOT}/Pods/Target Support Files/Pods-LearnCodeApp/Pods-LearnCodeApp-resources.sh\"\n";
			showEnvVarsInLog = 0;
		};
		1ED1E5A4619F98EB368C65CF /* [CP] Copy Pods Resources */ = {
			isa = PBXShellScriptBuildPhase;
			buildActionMask = 2147483647;
			files = (
			);
			inputPaths = (
			);
			name = "[CP] Copy Pods Resources";
			outputPaths = (
			);
			runOnlyForDeploymentPostprocessing = 0;
			shellPath = /bin/sh;
			shellScript = "\"${SRCROOT}/Pods/Target Support Files/Pods-LearnCodeAppTests/Pods-LearnCodeAppTests-resources.sh\"\n";
			showEnvVarsInLog = 0;
		};
		51553CD082FB6F16790919E1 /* [CP] Copy Pods Resources */ = {
			isa = PBXShellScriptBuildPhase;
			buildActionMask = 2147483647;
			files = (
			);
			inputPaths = (
			);
			name = "[CP] Copy Pods Resources";
			outputPaths = (
			);
			runOnlyForDeploymentPostprocessing = 0;
			shellPath = /bin/sh;
			shellScript = "\"${SRCROOT}/Pods/Target Support Files/Pods-LearnCodeAppUITests/Pods-LearnCodeAppUITests-resources.sh\"\n";
			showEnvVarsInLog = 0;
		};
		8891D16161AC414009E54E81 /* [CP] Embed Pods Frameworks */ = {
			isa = PBXShellScriptBuildPhase;
			buildActionMask = 2147483647;
			files = (
			);
			inputPaths = (
			);
			name = "[CP] Embed Pods Frameworks";
			outputPaths = (
			);
			runOnlyForDeploymentPostprocessing = 0;
			shellPath = /bin/sh;
			shellScript = "\"${SRCROOT}/Pods/Target Support Files/Pods-LearnCodeAppUITests/Pods-LearnCodeAppUITests-frameworks.sh\"\n";
			showEnvVarsInLog = 0;
		};
		A883BB240EACE237FD12FECC /* [CP] Check Pods Manifest.lock */ = {
			isa = PBXShellScriptBuildPhase;
			buildActionMask = 2147483647;
			files = (
			);
			inputPaths = (
				"${PODS_PODFILE_DIR_PATH}/Podfile.lock",
				"${PODS_ROOT}/Manifest.lock",
			);
			name = "[CP] Check Pods Manifest.lock";
			outputPaths = (
				"$(DERIVED_FILE_DIR)/Pods-LearnCodeApp-checkManifestLockResult.txt",
			);
			runOnlyForDeploymentPostprocessing = 0;
			shellPath = /bin/sh;
			shellScript = "diff \"${PODS_PODFILE_DIR_PATH}/Podfile.lock\" \"${PODS_ROOT}/Manifest.lock\" > /dev/null\nif [ $? != 0 ] ; then\n    # print error to STDERR\n    echo \"error: The sandbox is not in sync with the Podfile.lock. Run 'pod install' or update your CocoaPods installation.\" >&2\n    exit 1\nfi\n# This output is used by Xcode 'outputs' to avoid re-running this script phase.\necho \"SUCCESS\" > \"${SCRIPT_OUTPUT_FILE_0}\"\n";
			showEnvVarsInLog = 0;
		};
		C22305FFFBC513BB5036F5C0 /* [CP] Check Pods Manifest.lock */ = {
			isa = PBXShellScriptBuildPhase;
			buildActionMask = 2147483647;
			files = (
			);
			inputPaths = (
				"${PODS_PODFILE_DIR_PATH}/Podfile.lock",
				"${PODS_ROOT}/Manifest.lock",
			);
			name = "[CP] Check Pods Manifest.lock";
			outputPaths = (
				"$(DERIVED_FILE_DIR)/Pods-LearnCodeAppUITests-checkManifestLockResult.txt",
			);
			runOnlyForDeploymentPostprocessing = 0;
			shellPath = /bin/sh;
			shellScript = "diff \"${PODS_PODFILE_DIR_PATH}/Podfile.lock\" \"${PODS_ROOT}/Manifest.lock\" > /dev/null\nif [ $? != 0 ] ; then\n    # print error to STDERR\n    echo \"error: The sandbox is not in sync with the Podfile.lock. Run 'pod install' or update your CocoaPods installation.\" >&2\n    exit 1\nfi\n# This output is used by Xcode 'outputs' to avoid re-running this script phase.\necho \"SUCCESS\" > \"${SCRIPT_OUTPUT_FILE_0}\"\n";
			showEnvVarsInLog = 0;
		};
		C3BE2F410B66F32338492BB3 /* [CP] Embed Pods Frameworks */ = {
			isa = PBXShellScriptBuildPhase;
			buildActionMask = 2147483647;
			files = (
			);
			inputPaths = (
				"${SRCROOT}/Pods/Target Support Files/Pods-LearnCodeApp/Pods-LearnCodeApp-frameworks.sh",
				"${BUILT_PRODUCTS_DIR}/DynamicBlurView/DynamicBlurView.framework",
				"${BUILT_PRODUCTS_DIR}/PopupDialog/PopupDialog.framework",
				"${BUILT_PRODUCTS_DIR}/SAMCubicSpline/SAMCubicSpline.framework",
				"${BUILT_PRODUCTS_DIR}/SVProgressHUD/SVProgressHUD.framework",
				"${BUILT_PRODUCTS_DIR}/SwiftCubicSpline/SwiftCubicSpline.framework",
			);
			name = "[CP] Embed Pods Frameworks";
			outputPaths = (
				"${TARGET_BUILD_DIR}/${FRAMEWORKS_FOLDER_PATH}/DynamicBlurView.framework",
				"${TARGET_BUILD_DIR}/${FRAMEWORKS_FOLDER_PATH}/PopupDialog.framework",
				"${TARGET_BUILD_DIR}/${FRAMEWORKS_FOLDER_PATH}/SAMCubicSpline.framework",
				"${TARGET_BUILD_DIR}/${FRAMEWORKS_FOLDER_PATH}/SVProgressHUD.framework",
				"${TARGET_BUILD_DIR}/${FRAMEWORKS_FOLDER_PATH}/SwiftCubicSpline.framework",
			);
			runOnlyForDeploymentPostprocessing = 0;
			shellPath = /bin/sh;
			shellScript = "\"${SRCROOT}/Pods/Target Support Files/Pods-LearnCodeApp/Pods-LearnCodeApp-frameworks.sh\"\n";
			showEnvVarsInLog = 0;
		};
		D0A34EAB8C1C3249B50D1F7F /* [CP] Embed Pods Frameworks */ = {
			isa = PBXShellScriptBuildPhase;
			buildActionMask = 2147483647;
			files = (
			);
			inputPaths = (
			);
			name = "[CP] Embed Pods Frameworks";
			outputPaths = (
			);
			runOnlyForDeploymentPostprocessing = 0;
			shellPath = /bin/sh;
			shellScript = "\"${SRCROOT}/Pods/Target Support Files/Pods-LearnCodeAppTests/Pods-LearnCodeAppTests-frameworks.sh\"\n";
			showEnvVarsInLog = 0;
		};
		D9D6D13C296A44ADF299FF5B /* [CP] Check Pods Manifest.lock */ = {
			isa = PBXShellScriptBuildPhase;
			buildActionMask = 2147483647;
			files = (
			);
			inputPaths = (
				"${PODS_PODFILE_DIR_PATH}/Podfile.lock",
				"${PODS_ROOT}/Manifest.lock",
			);
			name = "[CP] Check Pods Manifest.lock";
			outputPaths = (
				"$(DERIVED_FILE_DIR)/Pods-LearnCodeAppTests-checkManifestLockResult.txt",
			);
			runOnlyForDeploymentPostprocessing = 0;
			shellPath = /bin/sh;
			shellScript = "diff \"${PODS_PODFILE_DIR_PATH}/Podfile.lock\" \"${PODS_ROOT}/Manifest.lock\" > /dev/null\nif [ $? != 0 ] ; then\n    # print error to STDERR\n    echo \"error: The sandbox is not in sync with the Podfile.lock. Run 'pod install' or update your CocoaPods installation.\" >&2\n    exit 1\nfi\n# This output is used by Xcode 'outputs' to avoid re-running this script phase.\necho \"SUCCESS\" > \"${SCRIPT_OUTPUT_FILE_0}\"\n";
			showEnvVarsInLog = 0;
		};
/* End PBXShellScriptBuildPhase section */

/* Begin PBXSourcesBuildPhase section */
		2B0FAFB5201B9EF200FAAFF5 /* Sources */ = {
			isa = PBXSourcesBuildPhase;
			buildActionMask = 2147483647;
			files = (
				2B22DE97201E8EF600169E1F /* Lesson.swift in Sources */,
				2B22DE91201E804100169E1F /* LessonsTableViewController.swift in Sources */,
				2B0FAFC5201B9EF200FAAFF5 /* LearnCodeApp.xcdatamodeld in Sources */,
				2B22DE95201E899500169E1F /* LessonView.swift in Sources */,
				2B35B7B2202014E800112107 /* DetailedLessonViewController.swift in Sources */,
				2BCACABD2023750500FC04CE /* GifFile.swift in Sources */,
				2B0FAFBD201B9EF200FAAFF5 /* AppDelegate.swift in Sources */,
				2BCACABB2022E62300FC04CE /* QuizViewController.swift in Sources */,
				2B3C4F57205327E5004EEB22 /* FillBlankViewController.swift in Sources */,
				2B22DE93201E849A00169E1F /* LessonTableViewCell.swift in Sources */,
				2B0FAFF1201BCEFC00FAAFF5 /* HomeViewController.swift in Sources */,
				2B22DE99201E910E00169E1F /* LessonStore.swift in Sources */,
				2B9C386D202D6E3E00478AEE /* LessonMapViewController.swift in Sources */,
				2B674D2320435258001740ED /* RevealViewController.swift in Sources */,
			);
			runOnlyForDeploymentPostprocessing = 0;
		};
		2B0FAFCC201B9EF200FAAFF5 /* Sources */ = {
			isa = PBXSourcesBuildPhase;
			buildActionMask = 2147483647;
			files = (
				2B0FAFD5201B9EF200FAAFF5 /* LearnCodeAppTests.swift in Sources */,
			);
			runOnlyForDeploymentPostprocessing = 0;
		};
		2B0FAFD7201B9EF200FAAFF5 /* Sources */ = {
			isa = PBXSourcesBuildPhase;
			buildActionMask = 2147483647;
			files = (
				2B0FAFE0201B9EF200FAAFF5 /* LearnCodeAppUITests.swift in Sources */,
			);
			runOnlyForDeploymentPostprocessing = 0;
		};
/* End PBXSourcesBuildPhase section */

/* Begin PBXTargetDependency section */
		2B0FAFD2201B9EF200FAAFF5 /* PBXTargetDependency */ = {
			isa = PBXTargetDependency;
			target = 2B0FAFB8201B9EF200FAAFF5 /* LearnCodeApp */;
			targetProxy = 2B0FAFD1201B9EF200FAAFF5 /* PBXContainerItemProxy */;
		};
		2B0FAFDD201B9EF200FAAFF5 /* PBXTargetDependency */ = {
			isa = PBXTargetDependency;
			target = 2B0FAFB8201B9EF200FAAFF5 /* LearnCodeApp */;
			targetProxy = 2B0FAFDC201B9EF200FAAFF5 /* PBXContainerItemProxy */;
		};
/* End PBXTargetDependency section */

/* Begin PBXVariantGroup section */
		2B0FAFC0201B9EF200FAAFF5 /* Main.storyboard */ = {
			isa = PBXVariantGroup;
			children = (
				2B0FAFC1201B9EF200FAAFF5 /* Base */,
			);
			name = Main.storyboard;
			sourceTree = "<group>";
		};
		2B0FAFC8201B9EF200FAAFF5 /* LaunchScreen.storyboard */ = {
			isa = PBXVariantGroup;
			children = (
				2B0FAFC9201B9EF200FAAFF5 /* Base */,
			);
			name = LaunchScreen.storyboard;
			sourceTree = "<group>";
		};
/* End PBXVariantGroup section */

/* Begin XCBuildConfiguration section */
		2B0FAFE2201B9EF200FAAFF5 /* Debug */ = {
			isa = XCBuildConfiguration;
			buildSettings = {
				ALWAYS_SEARCH_USER_PATHS = NO;
				CLANG_ANALYZER_NONNULL = YES;
				CLANG_ANALYZER_NUMBER_OBJECT_CONVERSION = YES_AGGRESSIVE;
				CLANG_CXX_LANGUAGE_STANDARD = "gnu++14";
				CLANG_CXX_LIBRARY = "libc++";
				CLANG_ENABLE_MODULES = YES;
				CLANG_ENABLE_OBJC_ARC = YES;
				CLANG_WARN_BLOCK_CAPTURE_AUTORELEASING = YES;
				CLANG_WARN_BOOL_CONVERSION = YES;
				CLANG_WARN_COMMA = YES;
				CLANG_WARN_CONSTANT_CONVERSION = YES;
				CLANG_WARN_DIRECT_OBJC_ISA_USAGE = YES_ERROR;
				CLANG_WARN_DOCUMENTATION_COMMENTS = YES;
				CLANG_WARN_EMPTY_BODY = YES;
				CLANG_WARN_ENUM_CONVERSION = YES;
				CLANG_WARN_INFINITE_RECURSION = YES;
				CLANG_WARN_INT_CONVERSION = YES;
				CLANG_WARN_NON_LITERAL_NULL_CONVERSION = YES;
				CLANG_WARN_OBJC_LITERAL_CONVERSION = YES;
				CLANG_WARN_OBJC_ROOT_CLASS = YES_ERROR;
				CLANG_WARN_RANGE_LOOP_ANALYSIS = YES;
				CLANG_WARN_STRICT_PROTOTYPES = YES;
				CLANG_WARN_SUSPICIOUS_MOVE = YES;
				CLANG_WARN_UNGUARDED_AVAILABILITY = YES_AGGRESSIVE;
				CLANG_WARN_UNREACHABLE_CODE = YES;
				CLANG_WARN__DUPLICATE_METHOD_MATCH = YES;
				CODE_SIGN_IDENTITY = "iPhone Developer";
				COPY_PHASE_STRIP = NO;
				DEBUG_INFORMATION_FORMAT = dwarf;
				ENABLE_STRICT_OBJC_MSGSEND = YES;
				ENABLE_TESTABILITY = YES;
				GCC_C_LANGUAGE_STANDARD = gnu11;
				GCC_DYNAMIC_NO_PIC = NO;
				GCC_NO_COMMON_BLOCKS = YES;
				GCC_OPTIMIZATION_LEVEL = 0;
				GCC_PREPROCESSOR_DEFINITIONS = (
					"DEBUG=1",
					"$(inherited)",
				);
				GCC_WARN_64_TO_32_BIT_CONVERSION = YES;
				GCC_WARN_ABOUT_RETURN_TYPE = YES_ERROR;
				GCC_WARN_UNDECLARED_SELECTOR = YES;
				GCC_WARN_UNINITIALIZED_AUTOS = YES_AGGRESSIVE;
				GCC_WARN_UNUSED_FUNCTION = YES;
				GCC_WARN_UNUSED_VARIABLE = YES;
				IPHONEOS_DEPLOYMENT_TARGET = 11.2;
				MTL_ENABLE_DEBUG_INFO = YES;
				ONLY_ACTIVE_ARCH = YES;
				SDKROOT = iphoneos;
				SWIFT_ACTIVE_COMPILATION_CONDITIONS = DEBUG;
				SWIFT_OPTIMIZATION_LEVEL = "-Onone";
			};
			name = Debug;
		};
		2B0FAFE3201B9EF200FAAFF5 /* Release */ = {
			isa = XCBuildConfiguration;
			buildSettings = {
				ALWAYS_SEARCH_USER_PATHS = NO;
				CLANG_ANALYZER_NONNULL = YES;
				CLANG_ANALYZER_NUMBER_OBJECT_CONVERSION = YES_AGGRESSIVE;
				CLANG_CXX_LANGUAGE_STANDARD = "gnu++14";
				CLANG_CXX_LIBRARY = "libc++";
				CLANG_ENABLE_MODULES = YES;
				CLANG_ENABLE_OBJC_ARC = YES;
				CLANG_WARN_BLOCK_CAPTURE_AUTORELEASING = YES;
				CLANG_WARN_BOOL_CONVERSION = YES;
				CLANG_WARN_COMMA = YES;
				CLANG_WARN_CONSTANT_CONVERSION = YES;
				CLANG_WARN_DIRECT_OBJC_ISA_USAGE = YES_ERROR;
				CLANG_WARN_DOCUMENTATION_COMMENTS = YES;
				CLANG_WARN_EMPTY_BODY = YES;
				CLANG_WARN_ENUM_CONVERSION = YES;
				CLANG_WARN_INFINITE_RECURSION = YES;
				CLANG_WARN_INT_CONVERSION = YES;
				CLANG_WARN_NON_LITERAL_NULL_CONVERSION = YES;
				CLANG_WARN_OBJC_LITERAL_CONVERSION = YES;
				CLANG_WARN_OBJC_ROOT_CLASS = YES_ERROR;
				CLANG_WARN_RANGE_LOOP_ANALYSIS = YES;
				CLANG_WARN_STRICT_PROTOTYPES = YES;
				CLANG_WARN_SUSPICIOUS_MOVE = YES;
				CLANG_WARN_UNGUARDED_AVAILABILITY = YES_AGGRESSIVE;
				CLANG_WARN_UNREACHABLE_CODE = YES;
				CLANG_WARN__DUPLICATE_METHOD_MATCH = YES;
				CODE_SIGN_IDENTITY = "iPhone Developer";
				COPY_PHASE_STRIP = NO;
				DEBUG_INFORMATION_FORMAT = "dwarf-with-dsym";
				ENABLE_NS_ASSERTIONS = NO;
				ENABLE_STRICT_OBJC_MSGSEND = YES;
				GCC_C_LANGUAGE_STANDARD = gnu11;
				GCC_NO_COMMON_BLOCKS = YES;
				GCC_WARN_64_TO_32_BIT_CONVERSION = YES;
				GCC_WARN_ABOUT_RETURN_TYPE = YES_ERROR;
				GCC_WARN_UNDECLARED_SELECTOR = YES;
				GCC_WARN_UNINITIALIZED_AUTOS = YES_AGGRESSIVE;
				GCC_WARN_UNUSED_FUNCTION = YES;
				GCC_WARN_UNUSED_VARIABLE = YES;
				IPHONEOS_DEPLOYMENT_TARGET = 11.2;
				MTL_ENABLE_DEBUG_INFO = NO;
				SDKROOT = iphoneos;
				SWIFT_OPTIMIZATION_LEVEL = "-Owholemodule";
				VALIDATE_PRODUCT = YES;
			};
			name = Release;
		};
		2B0FAFE5201B9EF300FAAFF5 /* Debug */ = {
			isa = XCBuildConfiguration;
			baseConfigurationReference = A3CFEE4B76676706B31C0A7D /* Pods-LearnCodeApp.debug.xcconfig */;
			buildSettings = {
				ASSETCATALOG_COMPILER_APPICON_NAME = AppIcon;
				CODE_SIGN_STYLE = Automatic;
				DEVELOPMENT_TEAM = XWKM3D78BN;
				INFOPLIST_FILE = LearnCodeApp/Info.plist;
				LD_RUNPATH_SEARCH_PATHS = "$(inherited) @executable_path/Frameworks";
				PRODUCT_BUNDLE_IDENTIFIER = com.CodeChangers.LearnCodeApp;
				PRODUCT_NAME = "$(TARGET_NAME)";
				SWIFT_VERSION = 4.0;
				TARGETED_DEVICE_FAMILY = "1,2";
			};
			name = Debug;
		};
		2B0FAFE6201B9EF300FAAFF5 /* Release */ = {
			isa = XCBuildConfiguration;
			baseConfigurationReference = E30382E06008B435BAE69740 /* Pods-LearnCodeApp.release.xcconfig */;
			buildSettings = {
				ASSETCATALOG_COMPILER_APPICON_NAME = AppIcon;
				CODE_SIGN_STYLE = Automatic;
				DEVELOPMENT_TEAM = XWKM3D78BN;
				INFOPLIST_FILE = LearnCodeApp/Info.plist;
				LD_RUNPATH_SEARCH_PATHS = "$(inherited) @executable_path/Frameworks";
				PRODUCT_BUNDLE_IDENTIFIER = com.CodeChangers.LearnCodeApp;
				PRODUCT_NAME = "$(TARGET_NAME)";
				SWIFT_VERSION = 4.0;
				TARGETED_DEVICE_FAMILY = "1,2";
			};
			name = Release;
		};
		2B0FAFE8201B9EF300FAAFF5 /* Debug */ = {
			isa = XCBuildConfiguration;
			baseConfigurationReference = F85CC75493B7D7C31CD97A8C /* Pods-LearnCodeAppTests.debug.xcconfig */;
			buildSettings = {
				ALWAYS_EMBED_SWIFT_STANDARD_LIBRARIES = YES;
				BUNDLE_LOADER = "$(TEST_HOST)";
				CODE_SIGN_STYLE = Automatic;
				INFOPLIST_FILE = LearnCodeAppTests/Info.plist;
				LD_RUNPATH_SEARCH_PATHS = "$(inherited) @executable_path/Frameworks @loader_path/Frameworks";
				PRODUCT_BUNDLE_IDENTIFIER = com.CodeChangers.LearnCodeAppTests;
				PRODUCT_NAME = "$(TARGET_NAME)";
				SWIFT_VERSION = 4.0;
				TARGETED_DEVICE_FAMILY = "1,2";
				TEST_HOST = "$(BUILT_PRODUCTS_DIR)/LearnCodeApp.app/LearnCodeApp";
			};
			name = Debug;
		};
		2B0FAFE9201B9EF300FAAFF5 /* Release */ = {
			isa = XCBuildConfiguration;
			baseConfigurationReference = 443EC1248CC621467A9E5C42 /* Pods-LearnCodeAppTests.release.xcconfig */;
			buildSettings = {
				ALWAYS_EMBED_SWIFT_STANDARD_LIBRARIES = YES;
				BUNDLE_LOADER = "$(TEST_HOST)";
				CODE_SIGN_STYLE = Automatic;
				INFOPLIST_FILE = LearnCodeAppTests/Info.plist;
				LD_RUNPATH_SEARCH_PATHS = "$(inherited) @executable_path/Frameworks @loader_path/Frameworks";
				PRODUCT_BUNDLE_IDENTIFIER = com.CodeChangers.LearnCodeAppTests;
				PRODUCT_NAME = "$(TARGET_NAME)";
				SWIFT_VERSION = 4.0;
				TARGETED_DEVICE_FAMILY = "1,2";
				TEST_HOST = "$(BUILT_PRODUCTS_DIR)/LearnCodeApp.app/LearnCodeApp";
			};
			name = Release;
		};
		2B0FAFEB201B9EF300FAAFF5 /* Debug */ = {
			isa = XCBuildConfiguration;
			baseConfigurationReference = FC76638D44A199B17165C575 /* Pods-LearnCodeAppUITests.debug.xcconfig */;
			buildSettings = {
				ALWAYS_EMBED_SWIFT_STANDARD_LIBRARIES = YES;
				CODE_SIGN_STYLE = Automatic;
				INFOPLIST_FILE = LearnCodeAppUITests/Info.plist;
				LD_RUNPATH_SEARCH_PATHS = "$(inherited) @executable_path/Frameworks @loader_path/Frameworks";
				PRODUCT_BUNDLE_IDENTIFIER = com.CodeChangers.LearnCodeAppUITests;
				PRODUCT_NAME = "$(TARGET_NAME)";
				SWIFT_VERSION = 4.0;
				TARGETED_DEVICE_FAMILY = "1,2";
				TEST_TARGET_NAME = LearnCodeApp;
			};
			name = Debug;
		};
		2B0FAFEC201B9EF300FAAFF5 /* Release */ = {
			isa = XCBuildConfiguration;
			baseConfigurationReference = BEFCDD583DF00BDF3113BC11 /* Pods-LearnCodeAppUITests.release.xcconfig */;
			buildSettings = {
				ALWAYS_EMBED_SWIFT_STANDARD_LIBRARIES = YES;
				CODE_SIGN_STYLE = Automatic;
				INFOPLIST_FILE = LearnCodeAppUITests/Info.plist;
				LD_RUNPATH_SEARCH_PATHS = "$(inherited) @executable_path/Frameworks @loader_path/Frameworks";
				PRODUCT_BUNDLE_IDENTIFIER = com.CodeChangers.LearnCodeAppUITests;
				PRODUCT_NAME = "$(TARGET_NAME)";
				SWIFT_VERSION = 4.0;
				TARGETED_DEVICE_FAMILY = "1,2";
				TEST_TARGET_NAME = LearnCodeApp;
			};
			name = Release;
		};
/* End XCBuildConfiguration section */

/* Begin XCConfigurationList section */
		2B0FAFB4201B9EF200FAAFF5 /* Build configuration list for PBXProject "LearnCodeApp" */ = {
			isa = XCConfigurationList;
			buildConfigurations = (
				2B0FAFE2201B9EF200FAAFF5 /* Debug */,
				2B0FAFE3201B9EF200FAAFF5 /* Release */,
			);
			defaultConfigurationIsVisible = 0;
			defaultConfigurationName = Release;
		};
		2B0FAFE4201B9EF300FAAFF5 /* Build configuration list for PBXNativeTarget "LearnCodeApp" */ = {
			isa = XCConfigurationList;
			buildConfigurations = (
				2B0FAFE5201B9EF300FAAFF5 /* Debug */,
				2B0FAFE6201B9EF300FAAFF5 /* Release */,
			);
			defaultConfigurationIsVisible = 0;
			defaultConfigurationName = Release;
		};
		2B0FAFE7201B9EF300FAAFF5 /* Build configuration list for PBXNativeTarget "LearnCodeAppTests" */ = {
			isa = XCConfigurationList;
			buildConfigurations = (
				2B0FAFE8201B9EF300FAAFF5 /* Debug */,
				2B0FAFE9201B9EF300FAAFF5 /* Release */,
			);
			defaultConfigurationIsVisible = 0;
			defaultConfigurationName = Release;
		};
		2B0FAFEA201B9EF300FAAFF5 /* Build configuration list for PBXNativeTarget "LearnCodeAppUITests" */ = {
			isa = XCConfigurationList;
			buildConfigurations = (
				2B0FAFEB201B9EF300FAAFF5 /* Debug */,
				2B0FAFEC201B9EF300FAAFF5 /* Release */,
			);
			defaultConfigurationIsVisible = 0;
			defaultConfigurationName = Release;
		};
/* End XCConfigurationList section */

/* Begin XCVersionGroup section */
		2B0FAFC3201B9EF200FAAFF5 /* LearnCodeApp.xcdatamodeld */ = {
			isa = XCVersionGroup;
			children = (
				2B0FAFC4201B9EF200FAAFF5 /* LearnCodeApp.xcdatamodel */,
			);
			currentVersion = 2B0FAFC4201B9EF200FAAFF5 /* LearnCodeApp.xcdatamodel */;
			path = LearnCodeApp.xcdatamodeld;
			sourceTree = "<group>";
			versionGroupType = wrapper.xcdatamodel;
		};
/* End XCVersionGroup section */
	};
	rootObject = 2B0FAFB1201B9EF200FAAFF5 /* Project object */;
}
